Microsoft Visual Studio Solution File, Format Version 8.00
Project("{8BC9CEB8-8B4A-11D0-8D11-00A0C91BC942}") = "AtlWebSrv", "AtlWebSrv.vcproj", "{27D850C9-DBD2-411D-BC27-E4526D23F136}"
	ProjectSection(ProjectDependencies) = postProject
	EndProjectSection
EndProject
Project("{8BC9CEB8-8B4A-11D0-8D11-00A0C91BC942}") = "AtlWebSrvIsapi", "..\AtlWebSrvIsapi\AtlWebSrvIsapi.vcproj", "{060D9D29-4E4D-4F39-A833-58CA27B12138}"
	ProjectSection(ProjectDependencies) = postProject
	EndProjectSection
EndProject
Global
	GlobalSection(SolutionConfiguration) = preSolution
		Debug = Debug
		Release = Release
	EndGlobalSection
	GlobalSection(ProjectConfiguration) = postSolution
		{27D850C9-DBD2-411D-BC27-E4526D23F136}.Debug.ActiveCfg = Debug|Win32
		{27D850C9-DBD2-411D-BC27-E4526D23F136}.Debug.Build.0 = Debug|Win32
		{27D850C9-DBD2-411D-BC27-E4526D23F136}.Release.ActiveCfg = Release|Win32
		{27D850C9-DBD2-411D-BC27-E4526D23F136}.Release.Build.0 = Release|Win32
		{060D9D29-4E4D-4F39-A833-58CA27B12138}.Debug.ActiveCfg = Debug|Win32
		{060D9D29-4E4D-4F39-A833-58CA27B12138}.Debug.Build.0 = Debug|Win32
		{060D9D29-4E4D-4F39-A833-58CA27B12138}.Release.ActiveCfg = Release|Win32
		{060D9D29-4E4D-4F39-A833-58CA27B12138}.Release.Build.0 = Release|Win32
	EndGlobalSection
	GlobalSection(ExtensibilityGlobals) = postSolution
	EndGlobalSection
	GlobalSection(ExtensibilityAddIns) = postSolution
	EndGlobalSection
EndGlobal
