Microsoft Visual Studio Solution File, Format Version 8.00
Project("{8BC9CEB8-8B4A-11D0-8D11-00A0C91BC942}") = "GCHandleDemo", "GCHandleDemo.vcproj", "{00BBFF3F-E36B-4F41-BC69-2B01B8AF327F}"
	ProjectSection(ProjectDependencies) = postProject
	EndProjectSection
EndProject
Global
	GlobalSection(SolutionConfiguration) = preSolution
		Debug = Debug
		Release = Release
	EndGlobalSection
	GlobalSection(ProjectConfiguration) = postSolution
		{00BBFF3F-E36B-4F41-BC69-2B01B8AF327F}.Debug.ActiveCfg = Debug|Win32
		{00BBFF3F-E36B-4F41-BC69-2B01B8AF327F}.Debug.Build.0 = Debug|Win32
		{00BBFF3F-E36B-4F41-BC69-2B01B8AF327F}.Release.ActiveCfg = Release|Win32
		{00BBFF3F-E36B-4F41-BC69-2B01B8AF327F}.Release.Build.0 = Release|Win32
	EndGlobalSection
	GlobalSection(ExtensibilityGlobals) = postSolution
	EndGlobalSection
	GlobalSection(ExtensibilityAddIns) = postSolution
	EndGlobalSection
EndGlobal
