
Microsoft Visual Studio Solution File, Format Version 12.00
# Visual Studio 2012
Project("{FAE04EC0-301F-11D3-BF4B-00C04F79EFBC}") = "Csy", "Csy\Csy.csproj", "{27BF42E3-FD50-4D70-89CE-DAC25043F456}"
EndProject
Project("{FAE04EC0-301F-11D3-BF4B-00C04F79EFBC}") = "CSymphonyLib", "CSymphony\CSymphonyLib.csproj", "{6E60115F-F563-4235-985D-FC011928E6E2}"
EndProject
Global
	GlobalSection(SolutionConfigurationPlatforms) = preSolution
		Debug|Any CPU = Debug|Any CPU
		Release|Any CPU = Release|Any CPU
	EndGlobalSection
	GlobalSection(ProjectConfigurationPlatforms) = postSolution
		{27BF42E3-FD50-4D70-89CE-DAC25043F456}.Debug|Any CPU.ActiveCfg = Debug|Any CPU
		{27BF42E3-FD50-4D70-89CE-DAC25043F456}.Debug|Any CPU.Build.0 = Debug|Any CPU
		{27BF42E3-FD50-4D70-89CE-DAC25043F456}.Release|Any CPU.ActiveCfg = Release|Any CPU
		{27BF42E3-FD50-4D70-89CE-DAC25043F456}.Release|Any CPU.Build.0 = Release|Any CPU
		{6E60115F-F563-4235-985D-FC011928E6E2}.Debug|Any CPU.ActiveCfg = Debug|Any CPU
		{6E60115F-F563-4235-985D-FC011928E6E2}.Debug|Any CPU.Build.0 = Debug|Any CPU
		{6E60115F-F563-4235-985D-FC011928E6E2}.Release|Any CPU.ActiveCfg = Release|Any CPU
		{6E60115F-F563-4235-985D-FC011928E6E2}.Release|Any CPU.Build.0 = Release|Any CPU
	EndGlobalSection
	GlobalSection(SolutionProperties) = preSolution
		HideSolutionNode = FALSE
	EndGlobalSection
EndGlobal
